
Microsoft Visual Studio Solution File, Format Version 12.00
# Visual Studio Version 16
VisualStudioVersion = 16.0.30128.74
MinimumVisualStudioVersion = 10.0.40219.1
Project("{9A19103F-16F7-4668-BE54-9A1E7A4F7556}") = "Covid19Survey", "Covid19Survey\Covid19Survey.csproj", "{065E083A-6C64-4CA2-98B0-8252382CE28F}"
EndProject
Global
	GlobalSection(SolutionConfigurationPlatforms) = preSolution
		Debug|Any CPU = Debug|Any CPU
		Release|Any CPU = Release|Any CPU
	EndGlobalSection
	GlobalSection(ProjectConfigurationPlatforms) = postSolution
		{065E083A-6C64-4CA2-98B0-8252382CE28F}.Debug|Any CPU.ActiveCfg = Debug|Any CPU
		{065E083A-6C64-4CA2-98B0-8252382CE28F}.Debug|Any CPU.Build.0 = Debug|Any CPU
		{065E083A-6C64-4CA2-98B0-8252382CE28F}.Release|Any CPU.ActiveCfg = Release|Any CPU
		{065E083A-6C64-4CA2-98B0-8252382CE28F}.Release|Any CPU.Build.0 = Release|Any CPU
	EndGlobalSection
	GlobalSection(SolutionProperties) = preSolution
		HideSolutionNode = FALSE
	EndGlobalSection
	GlobalSection(ExtensibilityGlobals) = postSolution
		SolutionGuid = {D2634515-6295-43D9-8A97-01916A4A0AD3}
	EndGlobalSection
EndGlobal
